
Microsoft Visual Studio Solution File, Format Version 12.00
# Visual Studio Version 17
VisualStudioVersion = 17.5.33424.131
MinimumVisualStudioVersion = 10.0.40219.1
Project("{FAE04EC0-301F-11D3-BF4B-00C04F79EFBC}") = "Nicks.UnitTester", "Nicks.UnitTester\Nicks.UnitTester.csproj", "{E0ADF8D0-FE52-4C7D-B844-163DAC5F51A3}"
EndProject
Global
	GlobalSection(SolutionConfigurationPlatforms) = preSolution
		Debug|Any CPU = Debug|Any CPU
		Release|Any CPU = Release|Any CPU
	EndGlobalSection
	GlobalSection(ProjectConfigurationPlatforms) = postSolution
		{E0ADF8D0-FE52-4C7D-B844-163DAC5F51A3}.Debug|Any CPU.ActiveCfg = Debug|Any CPU
		{E0ADF8D0-FE52-4C7D-B844-163DAC5F51A3}.Debug|Any CPU.Build.0 = Debug|Any CPU
		{E0ADF8D0-FE52-4C7D-B844-163DAC5F51A3}.Release|Any CPU.ActiveCfg = Release|Any CPU
		{E0ADF8D0-FE52-4C7D-B844-163DAC5F51A3}.Release|Any CPU.Build.0 = Release|Any CPU
	EndGlobalSection
	GlobalSection(SolutionProperties) = preSolution
		HideSolutionNode = FALSE
	EndGlobalSection
	GlobalSection(ExtensibilityGlobals) = postSolution
		SolutionGuid = {20A7759D-1B15-489A-BC5B-F71E744C638A}
	EndGlobalSection
EndGlobal
